
Microsoft Visual Studio Solution File, Format Version 12.00
# Visual Studio Version 16
VisualStudioVersion = 16.0.28803.202
MinimumVisualStudioVersion = 10.0.40219.1
Project("{FAE04EC0-301F-11D3-BF4B-00C04F79EFBC}") = "Problem015", "Problem015\Problem015.csproj", "{20A948BE-2552-4855-A3F3-96244D4C7003}"
EndProject
Global
	GlobalSection(SolutionConfigurationPlatforms) = preSolution
		Debug|Any CPU = Debug|Any CPU
		Release|Any CPU = Release|Any CPU
	EndGlobalSection
	GlobalSection(ProjectConfigurationPlatforms) = postSolution
		{20A948BE-2552-4855-A3F3-96244D4C7003}.Debug|Any CPU.ActiveCfg = Debug|Any CPU
		{20A948BE-2552-4855-A3F3-96244D4C7003}.Debug|Any CPU.Build.0 = Debug|Any CPU
		{20A948BE-2552-4855-A3F3-96244D4C7003}.Release|Any CPU.ActiveCfg = Release|Any CPU
		{20A948BE-2552-4855-A3F3-96244D4C7003}.Release|Any CPU.Build.0 = Release|Any CPU
	EndGlobalSection
	GlobalSection(SolutionProperties) = preSolution
		HideSolutionNode = FALSE
	EndGlobalSection
	GlobalSection(ExtensibilityGlobals) = postSolution
		SolutionGuid = {739A17A9-E223-4899-A42A-7F189C3ED764}
	EndGlobalSection
EndGlobal
