
Microsoft Visual Studio Solution File, Format Version 12.00
# Visual Studio Version 16
VisualStudioVersion = 16.0.28803.202
MinimumVisualStudioVersion = 10.0.40219.1
Project("{FAE04EC0-301F-11D3-BF4B-00C04F79EFBC}") = "Problem007", "Problem7\Problem007.csproj", "{83678B92-4867-4CD8-95A1-ABB84B821FD4}"
EndProject
Project("{FAE04EC0-301F-11D3-BF4B-00C04F79EFBC}") = "Problem008", "Problem8\Problem008.csproj", "{351C379F-05AD-4491-80BF-014A87045C18}"
EndProject
Project("{FAE04EC0-301F-11D3-BF4B-00C04F79EFBC}") = "Problem009", "Problem9\Problem009.csproj", "{7BA5F8CF-EE30-48B9-96CB-E9F809313701}"
EndProject
Project("{FAE04EC0-301F-11D3-BF4B-00C04F79EFBC}") = "Problem010", "Problem10\Problem010.csproj", "{03632F13-EA4D-4A99-9CB7-37A8BDD4EADA}"
EndProject
Project("{FAE04EC0-301F-11D3-BF4B-00C04F79EFBC}") = "Problem011", "Problem11\Problem011.csproj", "{B9A3EE05-1F2C-4CEC-87F5-EDC3575813F9}"
EndProject
Project("{FAE04EC0-301F-11D3-BF4B-00C04F79EFBC}") = "Problem012", "Problem012\Problem012.csproj", "{6BC1C120-2417-4EC9-9AF1-087A04E24744}"
EndProject
Project("{FAE04EC0-301F-11D3-BF4B-00C04F79EFBC}") = "Problem013", "Problem013\Problem013.csproj", "{7D8BF7C9-BD5E-4980-B6C8-7CD79D794A11}"
EndProject
Project("{FAE04EC0-301F-11D3-BF4B-00C04F79EFBC}") = "Problem014", "Problem014\Problem014.csproj", "{E455A8A5-8739-45CE-9A64-B5DB4C0AA067}"
EndProject
Project("{FAE04EC0-301F-11D3-BF4B-00C04F79EFBC}") = "Problem015", "Problem015\Problem015.csproj", "{20A948BE-2552-4855-A3F3-96244D4C7003}"
EndProject
Project("{FAE04EC0-301F-11D3-BF4B-00C04F79EFBC}") = "Problem016", "Project016\Problem016.csproj", "{04D3F6C3-1063-41A4-BB7D-57E0FDABD07E}"
EndProject
Project("{FAE04EC0-301F-11D3-BF4B-00C04F79EFBC}") = "Problem017", "Project017\Problem017.csproj", "{B7095EF1-8499-4B79-80C4-D479E9A6D035}"
EndProject
Project("{FAE04EC0-301F-11D3-BF4B-00C04F79EFBC}") = "Problem018", "Problem018\Problem018.csproj", "{CF2A157D-9459-4A09-A44F-1E50E8D6F119}"
EndProject
Project("{FAE04EC0-301F-11D3-BF4B-00C04F79EFBC}") = "Problem067", "Problem067\Problem067.csproj", "{C3EF0BE1-CAF5-4C4E-83F5-BCB1E1AB1431}"
EndProject
Project("{FAE04EC0-301F-11D3-BF4B-00C04F79EFBC}") = "Problem019", "Problem019\Problem019.csproj", "{3825908F-D116-4A0F-A4E5-DBC11C5BCCE8}"
EndProject
Project("{FAE04EC0-301F-11D3-BF4B-00C04F79EFBC}") = "Problem020", "Problem020\Problem020.csproj", "{AE46E34E-DEB0-4E95-826C-4872B0908187}"
EndProject
Project("{FAE04EC0-301F-11D3-BF4B-00C04F79EFBC}") = "Problem021", "Problem021\Problem021.csproj", "{2E58F495-6D4B-4A82-B988-AA2C39D48B95}"
EndProject
Project("{FAE04EC0-301F-11D3-BF4B-00C04F79EFBC}") = "Problem022", "Problem022\Problem022.csproj", "{C54026C4-649D-4FAA-AE69-994F45654DB5}"
EndProject
Project("{FAE04EC0-301F-11D3-BF4B-00C04F79EFBC}") = "Problem023", "Problem023\Problem023.csproj", "{195193F9-1F45-462E-8972-B4534C504D3A}"
EndProject
Project("{FAE04EC0-301F-11D3-BF4B-00C04F79EFBC}") = "Problem024", "Problem024\Problem024.csproj", "{CF837405-61DE-429E-B529-95DAFF8A16A0}"
EndProject
Project("{FAE04EC0-301F-11D3-BF4B-00C04F79EFBC}") = "Problem025", "Problem025\Problem025.csproj", "{7040D7DF-D7C0-42EE-8EE4-02387E9C253A}"
EndProject
Project("{FAE04EC0-301F-11D3-BF4B-00C04F79EFBC}") = "Problem026", "Problem026\Problem026.csproj", "{EC98F19F-3B31-45F7-BCB0-D630BCB09D16}"
EndProject
Global
	GlobalSection(SolutionConfigurationPlatforms) = preSolution
		Debug|Any CPU = Debug|Any CPU
		Release|Any CPU = Release|Any CPU
	EndGlobalSection
	GlobalSection(ProjectConfigurationPlatforms) = postSolution
		{83678B92-4867-4CD8-95A1-ABB84B821FD4}.Debug|Any CPU.ActiveCfg = Debug|Any CPU
		{83678B92-4867-4CD8-95A1-ABB84B821FD4}.Debug|Any CPU.Build.0 = Debug|Any CPU
		{83678B92-4867-4CD8-95A1-ABB84B821FD4}.Release|Any CPU.ActiveCfg = Release|Any CPU
		{83678B92-4867-4CD8-95A1-ABB84B821FD4}.Release|Any CPU.Build.0 = Release|Any CPU
		{351C379F-05AD-4491-80BF-014A87045C18}.Debug|Any CPU.ActiveCfg = Debug|Any CPU
		{351C379F-05AD-4491-80BF-014A87045C18}.Debug|Any CPU.Build.0 = Debug|Any CPU
		{351C379F-05AD-4491-80BF-014A87045C18}.Release|Any CPU.ActiveCfg = Release|Any CPU
		{351C379F-05AD-4491-80BF-014A87045C18}.Release|Any CPU.Build.0 = Release|Any CPU
		{7BA5F8CF-EE30-48B9-96CB-E9F809313701}.Debug|Any CPU.ActiveCfg = Debug|Any CPU
		{7BA5F8CF-EE30-48B9-96CB-E9F809313701}.Debug|Any CPU.Build.0 = Debug|Any CPU
		{7BA5F8CF-EE30-48B9-96CB-E9F809313701}.Release|Any CPU.ActiveCfg = Release|Any CPU
		{7BA5F8CF-EE30-48B9-96CB-E9F809313701}.Release|Any CPU.Build.0 = Release|Any CPU
		{03632F13-EA4D-4A99-9CB7-37A8BDD4EADA}.Debug|Any CPU.ActiveCfg = Debug|Any CPU
		{03632F13-EA4D-4A99-9CB7-37A8BDD4EADA}.Debug|Any CPU.Build.0 = Debug|Any CPU
		{03632F13-EA4D-4A99-9CB7-37A8BDD4EADA}.Release|Any CPU.ActiveCfg = Release|Any CPU
		{03632F13-EA4D-4A99-9CB7-37A8BDD4EADA}.Release|Any CPU.Build.0 = Release|Any CPU
		{B9A3EE05-1F2C-4CEC-87F5-EDC3575813F9}.Debug|Any CPU.ActiveCfg = Debug|Any CPU
		{B9A3EE05-1F2C-4CEC-87F5-EDC3575813F9}.Debug|Any CPU.Build.0 = Debug|Any CPU
		{B9A3EE05-1F2C-4CEC-87F5-EDC3575813F9}.Release|Any CPU.ActiveCfg = Release|Any CPU
		{B9A3EE05-1F2C-4CEC-87F5-EDC3575813F9}.Release|Any CPU.Build.0 = Release|Any CPU
		{6BC1C120-2417-4EC9-9AF1-087A04E24744}.Debug|Any CPU.ActiveCfg = Debug|Any CPU
		{6BC1C120-2417-4EC9-9AF1-087A04E24744}.Debug|Any CPU.Build.0 = Debug|Any CPU
		{6BC1C120-2417-4EC9-9AF1-087A04E24744}.Release|Any CPU.ActiveCfg = Release|Any CPU
		{6BC1C120-2417-4EC9-9AF1-087A04E24744}.Release|Any CPU.Build.0 = Release|Any CPU
		{7D8BF7C9-BD5E-4980-B6C8-7CD79D794A11}.Debug|Any CPU.ActiveCfg = Debug|Any CPU
		{7D8BF7C9-BD5E-4980-B6C8-7CD79D794A11}.Debug|Any CPU.Build.0 = Debug|Any CPU
		{7D8BF7C9-BD5E-4980-B6C8-7CD79D794A11}.Release|Any CPU.ActiveCfg = Release|Any CPU
		{7D8BF7C9-BD5E-4980-B6C8-7CD79D794A11}.Release|Any CPU.Build.0 = Release|Any CPU
		{E455A8A5-8739-45CE-9A64-B5DB4C0AA067}.Debug|Any CPU.ActiveCfg = Debug|Any CPU
		{E455A8A5-8739-45CE-9A64-B5DB4C0AA067}.Debug|Any CPU.Build.0 = Debug|Any CPU
		{E455A8A5-8739-45CE-9A64-B5DB4C0AA067}.Release|Any CPU.ActiveCfg = Release|Any CPU
		{E455A8A5-8739-45CE-9A64-B5DB4C0AA067}.Release|Any CPU.Build.0 = Release|Any CPU
		{20A948BE-2552-4855-A3F3-96244D4C7003}.Debug|Any CPU.ActiveCfg = Debug|Any CPU
		{20A948BE-2552-4855-A3F3-96244D4C7003}.Debug|Any CPU.Build.0 = Debug|Any CPU
		{20A948BE-2552-4855-A3F3-96244D4C7003}.Release|Any CPU.ActiveCfg = Release|Any CPU
		{20A948BE-2552-4855-A3F3-96244D4C7003}.Release|Any CPU.Build.0 = Release|Any CPU
		{04D3F6C3-1063-41A4-BB7D-57E0FDABD07E}.Debug|Any CPU.ActiveCfg = Debug|Any CPU
		{04D3F6C3-1063-41A4-BB7D-57E0FDABD07E}.Debug|Any CPU.Build.0 = Debug|Any CPU
		{04D3F6C3-1063-41A4-BB7D-57E0FDABD07E}.Release|Any CPU.ActiveCfg = Release|Any CPU
		{04D3F6C3-1063-41A4-BB7D-57E0FDABD07E}.Release|Any CPU.Build.0 = Release|Any CPU
		{B7095EF1-8499-4B79-80C4-D479E9A6D035}.Debug|Any CPU.ActiveCfg = Debug|Any CPU
		{B7095EF1-8499-4B79-80C4-D479E9A6D035}.Debug|Any CPU.Build.0 = Debug|Any CPU
		{B7095EF1-8499-4B79-80C4-D479E9A6D035}.Release|Any CPU.ActiveCfg = Release|Any CPU
		{B7095EF1-8499-4B79-80C4-D479E9A6D035}.Release|Any CPU.Build.0 = Release|Any CPU
		{CF2A157D-9459-4A09-A44F-1E50E8D6F119}.Debug|Any CPU.ActiveCfg = Debug|Any CPU
		{CF2A157D-9459-4A09-A44F-1E50E8D6F119}.Debug|Any CPU.Build.0 = Debug|Any CPU
		{CF2A157D-9459-4A09-A44F-1E50E8D6F119}.Release|Any CPU.ActiveCfg = Release|Any CPU
		{CF2A157D-9459-4A09-A44F-1E50E8D6F119}.Release|Any CPU.Build.0 = Release|Any CPU
		{C3EF0BE1-CAF5-4C4E-83F5-BCB1E1AB1431}.Debug|Any CPU.ActiveCfg = Debug|Any CPU
		{C3EF0BE1-CAF5-4C4E-83F5-BCB1E1AB1431}.Debug|Any CPU.Build.0 = Debug|Any CPU
		{C3EF0BE1-CAF5-4C4E-83F5-BCB1E1AB1431}.Release|Any CPU.ActiveCfg = Release|Any CPU
		{C3EF0BE1-CAF5-4C4E-83F5-BCB1E1AB1431}.Release|Any CPU.Build.0 = Release|Any CPU
		{3825908F-D116-4A0F-A4E5-DBC11C5BCCE8}.Debug|Any CPU.ActiveCfg = Debug|Any CPU
		{3825908F-D116-4A0F-A4E5-DBC11C5BCCE8}.Debug|Any CPU.Build.0 = Debug|Any CPU
		{3825908F-D116-4A0F-A4E5-DBC11C5BCCE8}.Release|Any CPU.ActiveCfg = Release|Any CPU
		{3825908F-D116-4A0F-A4E5-DBC11C5BCCE8}.Release|Any CPU.Build.0 = Release|Any CPU
		{AE46E34E-DEB0-4E95-826C-4872B0908187}.Debug|Any CPU.ActiveCfg = Debug|Any CPU
		{AE46E34E-DEB0-4E95-826C-4872B0908187}.Debug|Any CPU.Build.0 = Debug|Any CPU
		{AE46E34E-DEB0-4E95-826C-4872B0908187}.Release|Any CPU.ActiveCfg = Release|Any CPU
		{AE46E34E-DEB0-4E95-826C-4872B0908187}.Release|Any CPU.Build.0 = Release|Any CPU
		{2E58F495-6D4B-4A82-B988-AA2C39D48B95}.Debug|Any CPU.ActiveCfg = Debug|Any CPU
		{2E58F495-6D4B-4A82-B988-AA2C39D48B95}.Debug|Any CPU.Build.0 = Debug|Any CPU
		{2E58F495-6D4B-4A82-B988-AA2C39D48B95}.Release|Any CPU.ActiveCfg = Release|Any CPU
		{2E58F495-6D4B-4A82-B988-AA2C39D48B95}.Release|Any CPU.Build.0 = Release|Any CPU
		{C54026C4-649D-4FAA-AE69-994F45654DB5}.Debug|Any CPU.ActiveCfg = Debug|Any CPU
		{C54026C4-649D-4FAA-AE69-994F45654DB5}.Debug|Any CPU.Build.0 = Debug|Any CPU
		{C54026C4-649D-4FAA-AE69-994F45654DB5}.Release|Any CPU.ActiveCfg = Release|Any CPU
		{C54026C4-649D-4FAA-AE69-994F45654DB5}.Release|Any CPU.Build.0 = Release|Any CPU
		{195193F9-1F45-462E-8972-B4534C504D3A}.Debug|Any CPU.ActiveCfg = Debug|Any CPU
		{195193F9-1F45-462E-8972-B4534C504D3A}.Debug|Any CPU.Build.0 = Debug|Any CPU
		{195193F9-1F45-462E-8972-B4534C504D3A}.Release|Any CPU.ActiveCfg = Release|Any CPU
		{195193F9-1F45-462E-8972-B4534C504D3A}.Release|Any CPU.Build.0 = Release|Any CPU
		{CF837405-61DE-429E-B529-95DAFF8A16A0}.Debug|Any CPU.ActiveCfg = Debug|Any CPU
		{CF837405-61DE-429E-B529-95DAFF8A16A0}.Debug|Any CPU.Build.0 = Debug|Any CPU
		{CF837405-61DE-429E-B529-95DAFF8A16A0}.Release|Any CPU.ActiveCfg = Release|Any CPU
		{CF837405-61DE-429E-B529-95DAFF8A16A0}.Release|Any CPU.Build.0 = Release|Any CPU
		{7040D7DF-D7C0-42EE-8EE4-02387E9C253A}.Debug|Any CPU.ActiveCfg = Debug|Any CPU
		{7040D7DF-D7C0-42EE-8EE4-02387E9C253A}.Debug|Any CPU.Build.0 = Debug|Any CPU
		{7040D7DF-D7C0-42EE-8EE4-02387E9C253A}.Release|Any CPU.ActiveCfg = Release|Any CPU
		{7040D7DF-D7C0-42EE-8EE4-02387E9C253A}.Release|Any CPU.Build.0 = Release|Any CPU
		{EC98F19F-3B31-45F7-BCB0-D630BCB09D16}.Debug|Any CPU.ActiveCfg = Debug|Any CPU
		{EC98F19F-3B31-45F7-BCB0-D630BCB09D16}.Debug|Any CPU.Build.0 = Debug|Any CPU
		{EC98F19F-3B31-45F7-BCB0-D630BCB09D16}.Release|Any CPU.ActiveCfg = Release|Any CPU
		{EC98F19F-3B31-45F7-BCB0-D630BCB09D16}.Release|Any CPU.Build.0 = Release|Any CPU
	EndGlobalSection
	GlobalSection(SolutionProperties) = preSolution
		HideSolutionNode = FALSE
	EndGlobalSection
	GlobalSection(ExtensibilityGlobals) = postSolution
		SolutionGuid = {1920C736-C9BF-405D-86C4-ECDBC38CF89D}
	EndGlobalSection
EndGlobal
